
Microsoft Visual Studio Solution File, Format Version 12.00
# Visual Studio Version 17
VisualStudioVersion = 17.4.33403.182
MinimumVisualStudioVersion = 10.0.40219.1
Project("{FAE04EC0-301F-11D3-BF4B-00C04F79EFBC}") = "listViewer", "listViewer\listViewer.csproj", "{4AE8F1EE-96C9-40B0-A9F1-CBF7E5917F19}"
EndProject
Global
	GlobalSection(SolutionConfigurationPlatforms) = preSolution
		Debug|Any CPU = Debug|Any CPU
		Release|Any CPU = Release|Any CPU
	EndGlobalSection
	GlobalSection(ProjectConfigurationPlatforms) = postSolution
		{4AE8F1EE-96C9-40B0-A9F1-CBF7E5917F19}.Debug|Any CPU.ActiveCfg = Debug|Any CPU
		{4AE8F1EE-96C9-40B0-A9F1-CBF7E5917F19}.Debug|Any CPU.Build.0 = Debug|Any CPU
		{4AE8F1EE-96C9-40B0-A9F1-CBF7E5917F19}.Release|Any CPU.ActiveCfg = Release|Any CPU
		{4AE8F1EE-96C9-40B0-A9F1-CBF7E5917F19}.Release|Any CPU.Build.0 = Release|Any CPU
	EndGlobalSection
	GlobalSection(SolutionProperties) = preSolution
		HideSolutionNode = FALSE
	EndGlobalSection
	GlobalSection(ExtensibilityGlobals) = postSolution
		SolutionGuid = {91E7A0C8-F716-4FB8-AF0A-0E72949A6256}
	EndGlobalSection
EndGlobal
